Microsoft Visual Studio Solution File, Format Version 12.00
# Visual Studio Version 17
VisualStudioVersion = 17.14.36203.30
MinimumVisualStudioVersion = 10.0.40219.1
Project("{FAE04EC0-301F-11D3-BF4B-00C04F79EFBC}") = "StoreTrack_API", "POS_API\POS_API.csproj", "{9ACE598A-42C2-4320-AC8A-B7FEEDCDBC37}"
EndProject
Project("{FAE04EC0-301F-11D3-BF4B-00C04F79EFBC}") = "WarehouseFlow_API", "Warehouse_API\Warehouse_API.csproj", "{9D86C269-1EED-4B30-9D63-3E2F4BDC7AA9}"
EndProject
Project("{FAE04EC0-301F-11D3-BF4B-00C04F79EFBC}") = "CRM_API", "CRM_API\CRM_API.csproj", "{329BD3C2-CE4C-4BF2-84C4-B86808997938}"
EndProject
Project("{FAE04EC0-301F-11D3-BF4B-00C04F79EFBC}") = "Korvesto.Shared", "Korvesto.Shared\Korvesto.Shared.csproj", "{0045C886-C6E0-459D-8941-D0D276EEE8D6}"
EndProject
Project("{FAE04EC0-301F-11D3-BF4B-00C04F79EFBC}") = "POS_UI", "POS_UI\POS_UI.csproj", "{7100FE42-0876-4587-A07F-B7BDA8A1FE79}"
EndProject
Project("{FAE04EC0-301F-11D3-BF4B-00C04F79EFBC}") = "Warehouse_UI", "Warehouse_UI\Warehouse_UI.csproj", "{D8D85801-450F-4AAA-868E-23EDAB5760E3}"
EndProject
Project("{FAE04EC0-301F-11D3-BF4B-00C04F79EFBC}") = "CRM_UI", "CRM_UI\CRM_UI.csproj", "{0149F536-94E9-410E-8DA2-2615562E1882}"
EndProject
Project("{FAE04EC0-301F-11D3-BF4B-00C04F79EFBC}") = "Middleware_API", "Middleware_API\Middleware_API.csproj", "{477240A1-0314-4759-A3C9-C11993830E77}"
EndProject
Project("{FAE04EC0-301F-11D3-BF4B-00C04F79EFBC}") = "Middleware_UI", "Middleware_UI\Middleware_UI.csproj", "{96793139-F7FE-4BD0-B110-2B7EF55289DB}"
EndProject
Global
	GlobalSection(SolutionConfigurationPlatforms) = preSolution
		Debug|Any CPU = Debug|Any CPU
		Release|Any CPU = Release|Any CPU
	EndGlobalSection
	GlobalSection(ProjectConfigurationPlatforms) = postSolution
		{9ACE598A-42C2-4320-AC8A-B7FEEDCDBC37}.Debug|Any CPU.ActiveCfg = Debug|Any CPU
		{9ACE598A-42C2-4320-AC8A-B7FEEDCDBC37}.Debug|Any CPU.Build.0 = Debug|Any CPU
		{9ACE598A-42C2-4320-AC8A-B7FEEDCDBC37}.Release|Any CPU.ActiveCfg = Release|Any CPU
		{9ACE598A-42C2-4320-AC8A-B7FEEDCDBC37}.Release|Any CPU.Build.0 = Release|Any CPU
		{9D86C269-1EED-4B30-9D63-3E2F4BDC7AA9}.Debug|Any CPU.ActiveCfg = Debug|Any CPU
		{9D86C269-1EED-4B30-9D63-3E2F4BDC7AA9}.Debug|Any CPU.Build.0 = Debug|Any CPU
		{9D86C269-1EED-4B30-9D63-3E2F4BDC7AA9}.Release|Any CPU.ActiveCfg = Release|Any CPU
		{9D86C269-1EED-4B30-9D63-3E2F4BDC7AA9}.Release|Any CPU.Build.0 = Release|Any CPU
		{329BD3C2-CE4C-4BF2-84C4-B86808997938}.Debug|Any CPU.ActiveCfg = Debug|Any CPU
		{329BD3C2-CE4C-4BF2-84C4-B86808997938}.Debug|Any CPU.Build.0 = Debug|Any CPU
		{329BD3C2-CE4C-4BF2-84C4-B86808997938}.Release|Any CPU.ActiveCfg = Release|Any CPU
		{329BD3C2-CE4C-4BF2-84C4-B86808997938}.Release|Any CPU.Build.0 = Release|Any CPU
		{0045C886-C6E0-459D-8941-D0D276EEE8D6}.Debug|Any CPU.ActiveCfg = Debug|Any CPU
		{0045C886-C6E0-459D-8941-D0D276EEE8D6}.Debug|Any CPU.Build.0 = Debug|Any CPU
		{0045C886-C6E0-459D-8941-D0D276EEE8D6}.Release|Any CPU.ActiveCfg = Release|Any CPU
		{0045C886-C6E0-459D-8941-D0D276EEE8D6}.Release|Any CPU.Build.0 = Release|Any CPU
		{7100FE42-0876-4587-A07F-B7BDA8A1FE79}.Debug|Any CPU.ActiveCfg = Debug|Any CPU
		{7100FE42-0876-4587-A07F-B7BDA8A1FE79}.Debug|Any CPU.Build.0 = Debug|Any CPU
		{7100FE42-0876-4587-A07F-B7BDA8A1FE79}.Release|Any CPU.ActiveCfg = Release|Any CPU
		{7100FE42-0876-4587-A07F-B7BDA8A1FE79}.Release|Any CPU.Build.0 = Release|Any CPU
		{D8D85801-450F-4AAA-868E-23EDAB5760E3}.Debug|Any CPU.ActiveCfg = Debug|Any CPU
		{D8D85801-450F-4AAA-868E-23EDAB5760E3}.Debug|Any CPU.Build.0 = Debug|Any CPU
		{D8D85801-450F-4AAA-868E-23EDAB5760E3}.Release|Any CPU.ActiveCfg = Release|Any CPU
		{D8D85801-450F-4AAA-868E-23EDAB5760E3}.Release|Any CPU.Build.0 = Release|Any CPU
		{0149F536-94E9-410E-8DA2-2615562E1882}.Debug|Any CPU.ActiveCfg = Debug|Any CPU
		{0149F536-94E9-410E-8DA2-2615562E1882}.Debug|Any CPU.Build.0 = Debug|Any CPU
		{0149F536-94E9-410E-8DA2-2615562E1882}.Release|Any CPU.ActiveCfg = Release|Any CPU
		{0149F536-94E9-410E-8DA2-2615562E1882}.Release|Any CPU.Build.0 = Release|Any CPU
		{477240A1-0314-4759-A3C9-C11993830E77}.Debug|Any CPU.ActiveCfg = Debug|Any CPU
		{477240A1-0314-4759-A3C9-C11993830E77}.Debug|Any CPU.Build.0 = Debug|Any CPU
		{477240A1-0314-4759-A3C9-C11993830E77}.Release|Any CPU.ActiveCfg = Release|Any CPU
		{477240A1-0314-4759-A3C9-C11993830E77}.Release|Any CPU.Build.0 = Release|Any CPU
		{96793139-F7FE-4BD0-B110-2B7EF55289DB}.Debug|Any CPU.ActiveCfg = Debug|Any CPU
		{96793139-F7FE-4BD0-B110-2B7EF55289DB}.Debug|Any CPU.Build.0 = Debug|Any CPU
		{96793139-F7FE-4BD0-B110-2B7EF55289DB}.Release|Any CPU.ActiveCfg = Release|Any CPU
		{96793139-F7FE-4BD0-B110-2B7EF55289DB}.Release|Any CPU.Build.0 = Release|Any CPU
	EndGlobalSection
	GlobalSection(SolutionProperties) = preSolution
		HideSolutionNode = FALSE
	EndGlobalSection
	GlobalSection(ExtensibilityGlobals) = postSolution
		SolutionGuid = {D0109EA6-BEE1-4ED7-A623-AB16A56A4121}
	EndGlobalSection
EndGlobal
